
Microsoft Visual Studio Solution File, Format Version 12.00
# Visual Studio Version 17
VisualStudioVersion = 17.2.32526.322
MinimumVisualStudioVersion = 10.0.40219.1
Project("{9A19103F-16F7-4668-BE54-9A1E7A4F7556}") = "API", "API\API.csproj", "{35F1C325-C875-47DF-8AC6-F7AA103FBCB6}"
EndProject
Project("{9A19103F-16F7-4668-BE54-9A1E7A4F7556}") = "Core", "Core\Core.csproj", "{9F219233-8E68-4A27-9E1E-A97E611C94CE}"
EndProject
Project("{9A19103F-16F7-4668-BE54-9A1E7A4F7556}") = "Infrastructure", "Infrastructure\Infrastructure.csproj", "{9B40E5B2-8DB7-4D69-8CA8-D9755970BBA9}"
EndProject
Global
	GlobalSection(SolutionConfigurationPlatforms) = preSolution
		Debug|Any CPU = Debug|Any CPU
		Release|Any CPU = Release|Any CPU
	EndGlobalSection
	GlobalSection(ProjectConfigurationPlatforms) = postSolution
		{35F1C325-C875-47DF-8AC6-F7AA103FBCB6}.Debug|Any CPU.ActiveCfg = Debug|Any CPU
		{35F1C325-C875-47DF-8AC6-F7AA103FBCB6}.Debug|Any CPU.Build.0 = Debug|Any CPU
		{35F1C325-C875-47DF-8AC6-F7AA103FBCB6}.Release|Any CPU.ActiveCfg = Release|Any CPU
		{35F1C325-C875-47DF-8AC6-F7AA103FBCB6}.Release|Any CPU.Build.0 = Release|Any CPU
		{9F219233-8E68-4A27-9E1E-A97E611C94CE}.Debug|Any CPU.ActiveCfg = Debug|Any CPU
		{9F219233-8E68-4A27-9E1E-A97E611C94CE}.Debug|Any CPU.Build.0 = Debug|Any CPU
		{9F219233-8E68-4A27-9E1E-A97E611C94CE}.Release|Any CPU.ActiveCfg = Release|Any CPU
		{9F219233-8E68-4A27-9E1E-A97E611C94CE}.Release|Any CPU.Build.0 = Release|Any CPU
		{9B40E5B2-8DB7-4D69-8CA8-D9755970BBA9}.Debug|Any CPU.ActiveCfg = Debug|Any CPU
		{9B40E5B2-8DB7-4D69-8CA8-D9755970BBA9}.Debug|Any CPU.Build.0 = Debug|Any CPU
		{9B40E5B2-8DB7-4D69-8CA8-D9755970BBA9}.Release|Any CPU.ActiveCfg = Release|Any CPU
		{9B40E5B2-8DB7-4D69-8CA8-D9755970BBA9}.Release|Any CPU.Build.0 = Release|Any CPU
	EndGlobalSection
	GlobalSection(SolutionProperties) = preSolution
		HideSolutionNode = FALSE
	EndGlobalSection
	GlobalSection(ExtensibilityGlobals) = postSolution
		SolutionGuid = {01C515FA-DE9C-4A61-92D9-3FC712B0EBB9}
	EndGlobalSection
EndGlobal
